Microsoft Visual Studio Solution File, Format Version 12.00
# Visual Studio Version 17
VisualStudioVersion = 17.5.2.0
MinimumVisualStudioVersion = 10.0.40219.1
Project("{FAE04EC0-301F-11D3-BF4B-00C04F79EFBC}") = "0Harmony", "0Harmony Source\0Harmony.csproj", "{EAA8CC07-7639-AFEC-0649-F622EBE5F540}"
EndProject
Project("{FAE04EC0-301F-11D3-BF4B-00C04F79EFBC}") = "Assembly-CSharp", "Game Source\Assembly-CSharp.csproj", "{0783CB7F-D9F9-BF27-A97A-8C967A03D6D0}"
EndProject
Project("{FAE04EC0-301F-11D3-BF4B-00C04F79EFBC}") = "Project", "Source\Project.csproj", "{1C16C8F2-AFA5-BFE3-7134-3150AF3F3D0F}"
EndProject
Global
	GlobalSection(SolutionConfigurationPlatforms) = preSolution
		Debug|Any CPU = Debug|Any CPU
		Release|Any CPU = Release|Any CPU
	EndGlobalSection
	GlobalSection(ProjectConfigurationPlatforms) = postSolution
		{EAA8CC07-7639-AFEC-0649-F622EBE5F540}.Debug|Any CPU.ActiveCfg = Debug|Any CPU
		{EAA8CC07-7639-AFEC-0649-F622EBE5F540}.Debug|Any CPU.Build.0 = Debug|Any CPU
		{EAA8CC07-7639-AFEC-0649-F622EBE5F540}.Release|Any CPU.ActiveCfg = Release|Any CPU
		{EAA8CC07-7639-AFEC-0649-F622EBE5F540}.Release|Any CPU.Build.0 = Release|Any CPU
		{0783CB7F-D9F9-BF27-A97A-8C967A03D6D0}.Debug|Any CPU.ActiveCfg = Debug|Any CPU
		{0783CB7F-D9F9-BF27-A97A-8C967A03D6D0}.Debug|Any CPU.Build.0 = Debug|Any CPU
		{0783CB7F-D9F9-BF27-A97A-8C967A03D6D0}.Release|Any CPU.ActiveCfg = Release|Any CPU
		{0783CB7F-D9F9-BF27-A97A-8C967A03D6D0}.Release|Any CPU.Build.0 = Release|Any CPU
		{1C16C8F2-AFA5-BFE3-7134-3150AF3F3D0F}.Debug|Any CPU.ActiveCfg = Debug|Any CPU
		{1C16C8F2-AFA5-BFE3-7134-3150AF3F3D0F}.Debug|Any CPU.Build.0 = Debug|Any CPU
		{1C16C8F2-AFA5-BFE3-7134-3150AF3F3D0F}.Release|Any CPU.ActiveCfg = Release|Any CPU
		{1C16C8F2-AFA5-BFE3-7134-3150AF3F3D0F}.Release|Any CPU.Build.0 = Release|Any CPU
	EndGlobalSection
	GlobalSection(SolutionProperties) = preSolution
		HideSolutionNode = FALSE
	EndGlobalSection
	GlobalSection(ExtensibilityGlobals) = postSolution
		SolutionGuid = {B2BA957E-4DA1-4E3B-9173-57733E2E544F}
	EndGlobalSection
EndGlobal
